{
  "name": "import-api",
  "version": "1.0.0",
  "lockfileVersion": 3,
  "requires": true,
  "packages": {
    "": {
      "name": "import-api",
      "version": "1.0.0",
      "license": "ISC",
      "dependencies": {
        "@remix-run/file-storage": "^0.9.0",
        "@remix-run/form-data-parser": "^0.10.1",
        "@remix-run/headers": "^0.12.0",
        "@remix-run/node-fetch-server": "^0.9.0",
        "dotenv": "^17.2.2"
      },
      "devDependencies": {
        "@types/node": "^24.5.2"
      }
    },
    "node_modules/@remix-run/file-storage": {
      "version": "0.9.0",
      "resolved": "https://registry.npmjs.org/@remix-run/file-storage/-/file-storage-0.9.0.tgz",
      "integrity": "sha512-GbrmqGTdgevRMqkcTzGG9eyUn3eo32ST/jmqdh2g8h5MNKmONF6TJpVDZvtGhrvl93kX/k01WigUk/R8j58/eA==",
      "license": "MIT",
      "dependencies": {
        "@remix-run/lazy-file": "^3.5.0"
      }
    },
    "node_modules/@remix-run/form-data-parser": {
      "version": "0.10.1",
      "resolved": "https://registry.npmjs.org/@remix-run/form-data-parser/-/form-data-parser-0.10.1.tgz",
      "integrity": "sha512-vuse/+1fVjxGnwgVJ67xTKMvkqQX7XfNbriPA1cXSFWYfiLlOC2GUPXCprNwUULkW0c9oom6fXTIj5laog1vVA==",
      "license": "MIT",
      "dependencies": {
        "@remix-run/multipart-parser": "^0.11.0"
      }
    },
    "node_modules/@remix-run/headers": {
      "version": "0.12.0",
      "resolved": "https://registry.npmjs.org/@remix-run/headers/-/headers-0.12.0.tgz",
      "integrity": "sha512-eqVSL5UOIyqVx0NTqgtNKMKVokE9jPchkZHl/N13KKPQYw/leS8VCoX5zRhkB1UvcLyfj113LX0OvEcuNbc5Hg==",
      "license": "MIT"
    },
    "node_modules/@remix-run/lazy-file": {
      "version": "3.5.0",
      "resolved": "https://registry.npmjs.org/@remix-run/lazy-file/-/lazy-file-3.5.0.tgz",
      "integrity": "sha512-/QuQA1XXaVSco02fI2RRL6K6av81gcfb8MVtINbciqGjA24p3qAZ5M7YytLBrK0cAb7S39eEte9p0nrlqKnUrw==",
      "license": "MIT",
      "dependencies": {
        "mrmime": "^2.0.0"
      }
    },
    "node_modules/@remix-run/multipart-parser": {
      "version": "0.11.0",
      "resolved": "https://registry.npmjs.org/@remix-run/multipart-parser/-/multipart-parser-0.11.0.tgz",
      "integrity": "sha512-AE/H+ok0fWOZb84sJ8vREOJiSwYoEoGL0rpHZSAiPmCkBKbnsmHCbiUtg5+wELem4Q0HAEY6vjVK83u9cIlAhw==",
      "license": "MIT",
      "dependencies": {
        "@remix-run/headers": "^0.12.0"
      }
    },
    "node_modules/@remix-run/node-fetch-server": {
      "version": "0.9.0",
      "resolved": "https://registry.npmjs.org/@remix-run/node-fetch-server/-/node-fetch-server-0.9.0.tgz",
      "integrity": "sha512-SoLMv7dbH+njWzXnOY6fI08dFMI5+/dQ+vY3n8RnnbdG7MdJEgiP28Xj/xWlnRnED/aB6SFw56Zop+LbmaaKqA==",
      "license": "MIT"
    },
    "node_modules/@types/node": {
      "version": "24.5.2",
      "resolved": "https://registry.npmjs.org/@types/node/-/node-24.5.2.tgz",
      "integrity": "sha512-FYxk1I7wPv3K2XBaoyH2cTnocQEu8AOZ60hPbsyukMPLv5/5qr7V1i8PLHdl6Zf87I+xZXFvPCXYjiTFq+YSDQ==",
      "dev": true,
      "license": "MIT",
      "dependencies": {
        "undici-types": "~7.12.0"
      }
    },
    "node_modules/dotenv": {
      "version": "17.2.2",
      "resolved": "https://registry.npmjs.org/dotenv/-/dotenv-17.2.2.tgz",
      "integrity": "sha512-Sf2LSQP+bOlhKWWyhFsn0UsfdK/kCWRv1iuA2gXAwt3dyNabr6QSj00I2V10pidqz69soatm9ZwZvpQMTIOd5Q==",
      "license": "BSD-2-Clause",
      "engines": {
        "node": ">=12"
      },
      "funding": {
        "url": "https://dotenvx.com"
      }
    },
    "node_modules/mrmime": {
      "version": "2.0.1",
      "resolved": "https://registry.npmjs.org/mrmime/-/mrmime-2.0.1.tgz",
      "integrity": "sha512-Y3wQdFg2Va6etvQ5I82yUhGdsKrcYox6p7FfL1LbK2J4V01F9TGlepTIhnK24t7koZibmg82KGglhA1XK5IsLQ==",
      "license": "MIT",
      "engines": {
        "node": ">=10"
      }
    },
    "node_modules/undici-types": {
      "version": "7.12.0",
      "resolved": "https://registry.npmjs.org/undici-types/-/undici-types-7.12.0.tgz",
      "integrity": "sha512-goOacqME2GYyOZZfb5Lgtu+1IDmAlAEu5xnD3+xTzS10hT0vzpf0SPjkXwAw9Jm+4n/mQGDP3LO8CPbYROeBfQ==",
      "dev": true,
      "license": "MIT"
    }
  }
}